
Microsoft Visual Studio Solution File, Format Version 12.00
Project("{FAE04EC0-301F-11D3-BF4B-00C04F79EFBC}") = "SimApp", "SimApp\SimApp.csproj", "{459FAD16-416F-43AE-9F2B-0650E0D0EBF4}"
EndProject
Global
	GlobalSection(SolutionConfigurationPlatforms) = preSolution
		Debug|Any CPU = Debug|Any CPU
		Release|Any CPU = Release|Any CPU
	EndGlobalSection
	GlobalSection(ProjectConfigurationPlatforms) = postSolution
		{459FAD16-416F-43AE-9F2B-0650E0D0EBF4}.Debug|Any CPU.ActiveCfg = Debug|Any CPU
		{459FAD16-416F-43AE-9F2B-0650E0D0EBF4}.Debug|Any CPU.Build.0 = Debug|Any CPU
		{459FAD16-416F-43AE-9F2B-0650E0D0EBF4}.Release|Any CPU.ActiveCfg = Release|Any CPU
		{459FAD16-416F-43AE-9F2B-0650E0D0EBF4}.Release|Any CPU.Build.0 = Release|Any CPU
	EndGlobalSection
EndGlobal
